
Microsoft Visual Studio Solution File, Format Version 12.00
# Visual Studio Version 17
VisualStudioVersion = 17.2.32616.157
MinimumVisualStudioVersion = 10.0.40219.1
Project("{9A19103F-16F7-4668-BE54-9A1E7A4F7556}") = "OMSApi", "OMSApi\OMSApi.csproj", "{BE22B116-440C-44DB-8BA6-CA83C1EC6E0A}"
EndProject
Project("{9A19103F-16F7-4668-BE54-9A1E7A4F7556}") = "OMSServices", "OMSServices\OMSServices.csproj", "{E1CBA34B-CE6A-46B7-B774-9CE4D932BDA1}"
EndProject
Project("{9A19103F-16F7-4668-BE54-9A1E7A4F7556}") = "Client.Communication", "..\LogicielClient\Client.Communication\Client.Communication.csproj", "{22A2B016-1D4C-4076-BABE-6FC06FC82467}"
EndProject
Project("{9A19103F-16F7-4668-BE54-9A1E7A4F7556}") = "Client.Global", "..\LogicielClient\Client.Global\Client.Global.csproj", "{AE47DCBE-7F60-4E61-8D6D-3C5319C7276A}"
EndProject
Project("{9A19103F-16F7-4668-BE54-9A1E7A4F7556}") = "Client.LibBO", "..\LogicielClient\Client.LibBO\Client.LibBO.csproj", "{46D99142-6E88-4E6E-848E-012DA068AAAA}"
EndProject
Project("{9A19103F-16F7-4668-BE54-9A1E7A4F7556}") = "Client.Providers", "..\LogicielClient\Client.Providers\Client.Providers.csproj", "{5D295211-E805-4BDD-812A-9DF03E4F0B1B}"
EndProject
Project("{9A19103F-16F7-4668-BE54-9A1E7A4F7556}") = "Client.MktLibBO", "..\LogicielClient\Client.MktLibBO\Client.MktLibBO.csproj", "{1E396521-A272-41C2-B1BD-BB2796E3C8F7}"
EndProject
Project("{9A19103F-16F7-4668-BE54-9A1E7A4F7556}") = "HttpClientWrapper", "..\LogicielClient\HttpClientWrapper\HttpClientWrapper.csproj", "{CBACA819-E296-474F-AFE1-87E34487C7A4}"
EndProject
Global
	GlobalSection(SolutionConfigurationPlatforms) = preSolution
		Debug|Any CPU = Debug|Any CPU
		Debug|x64 = Debug|x64
		Release|Any CPU = Release|Any CPU
		Release|x64 = Release|x64
		Release-Automation|Any CPU = Release-Automation|Any CPU
		Release-Automation|x64 = Release-Automation|x64
		Release-Lite|Any CPU = Release-Lite|Any CPU
		Release-Lite|x64 = Release-Lite|x64
	EndGlobalSection
	GlobalSection(ProjectConfigurationPlatforms) = postSolution
		{BE22B116-440C-44DB-8BA6-CA83C1EC6E0A}.Debug|Any CPU.ActiveCfg = Debug|x64
		{BE22B116-440C-44DB-8BA6-CA83C1EC6E0A}.Debug|Any CPU.Build.0 = Debug|x64
		{BE22B116-440C-44DB-8BA6-CA83C1EC6E0A}.Debug|x64.ActiveCfg = Debug|x64
		{BE22B116-440C-44DB-8BA6-CA83C1EC6E0A}.Debug|x64.Build.0 = Debug|x64
		{BE22B116-440C-44DB-8BA6-CA83C1EC6E0A}.Release|Any CPU.ActiveCfg = Release|Any CPU
		{BE22B116-440C-44DB-8BA6-CA83C1EC6E0A}.Release|Any CPU.Build.0 = Release|Any CPU
		{BE22B116-440C-44DB-8BA6-CA83C1EC6E0A}.Release|x64.ActiveCfg = Release|Any CPU
		{BE22B116-440C-44DB-8BA6-CA83C1EC6E0A}.Release|x64.Build.0 = Release|Any CPU
		{BE22B116-440C-44DB-8BA6-CA83C1EC6E0A}.Release-Automation|Any CPU.ActiveCfg = Release|Any CPU
		{BE22B116-440C-44DB-8BA6-CA83C1EC6E0A}.Release-Automation|Any CPU.Build.0 = Release|Any CPU
		{BE22B116-440C-44DB-8BA6-CA83C1EC6E0A}.Release-Automation|x64.ActiveCfg = Release|Any CPU
		{BE22B116-440C-44DB-8BA6-CA83C1EC6E0A}.Release-Automation|x64.Build.0 = Release|Any CPU
		{BE22B116-440C-44DB-8BA6-CA83C1EC6E0A}.Release-Lite|Any CPU.ActiveCfg = Release|Any CPU
		{BE22B116-440C-44DB-8BA6-CA83C1EC6E0A}.Release-Lite|Any CPU.Build.0 = Release|Any CPU
		{BE22B116-440C-44DB-8BA6-CA83C1EC6E0A}.Release-Lite|x64.ActiveCfg = Release|Any CPU
		{BE22B116-440C-44DB-8BA6-CA83C1EC6E0A}.Release-Lite|x64.Build.0 = Release|Any CPU
		{E1CBA34B-CE6A-46B7-B774-9CE4D932BDA1}.Debug|Any CPU.ActiveCfg = Debug|x64
		{E1CBA34B-CE6A-46B7-B774-9CE4D932BDA1}.Debug|Any CPU.Build.0 = Debug|x64
		{E1CBA34B-CE6A-46B7-B774-9CE4D932BDA1}.Debug|x64.ActiveCfg = Debug|x64
		{E1CBA34B-CE6A-46B7-B774-9CE4D932BDA1}.Debug|x64.Build.0 = Debug|x64
		{E1CBA34B-CE6A-46B7-B774-9CE4D932BDA1}.Release|Any CPU.ActiveCfg = Release|Any CPU
		{E1CBA34B-CE6A-46B7-B774-9CE4D932BDA1}.Release|Any CPU.Build.0 = Release|Any CPU
		{E1CBA34B-CE6A-46B7-B774-9CE4D932BDA1}.Release|x64.ActiveCfg = Release|Any CPU
		{E1CBA34B-CE6A-46B7-B774-9CE4D932BDA1}.Release|x64.Build.0 = Release|Any CPU
		{E1CBA34B-CE6A-46B7-B774-9CE4D932BDA1}.Release-Automation|Any CPU.ActiveCfg = Release|Any CPU
		{E1CBA34B-CE6A-46B7-B774-9CE4D932BDA1}.Release-Automation|Any CPU.Build.0 = Release|Any CPU
		{E1CBA34B-CE6A-46B7-B774-9CE4D932BDA1}.Release-Automation|x64.ActiveCfg = Release|Any CPU
		{E1CBA34B-CE6A-46B7-B774-9CE4D932BDA1}.Release-Automation|x64.Build.0 = Release|Any CPU
		{E1CBA34B-CE6A-46B7-B774-9CE4D932BDA1}.Release-Lite|Any CPU.ActiveCfg = Release|Any CPU
		{E1CBA34B-CE6A-46B7-B774-9CE4D932BDA1}.Release-Lite|Any CPU.Build.0 = Release|Any CPU
		{E1CBA34B-CE6A-46B7-B774-9CE4D932BDA1}.Release-Lite|x64.ActiveCfg = Release|Any CPU
		{E1CBA34B-CE6A-46B7-B774-9CE4D932BDA1}.Release-Lite|x64.Build.0 = Release|Any CPU
		{22A2B016-1D4C-4076-BABE-6FC06FC82467}.Debug|Any CPU.ActiveCfg = Debug|x64
		{22A2B016-1D4C-4076-BABE-6FC06FC82467}.Debug|Any CPU.Build.0 = Debug|x64
		{22A2B016-1D4C-4076-BABE-6FC06FC82467}.Debug|x64.ActiveCfg = Debug|x64
		{22A2B016-1D4C-4076-BABE-6FC06FC82467}.Debug|x64.Build.0 = Debug|x64
		{22A2B016-1D4C-4076-BABE-6FC06FC82467}.Release|Any CPU.ActiveCfg = Release|Any CPU
		{22A2B016-1D4C-4076-BABE-6FC06FC82467}.Release|Any CPU.Build.0 = Release|Any CPU
		{22A2B016-1D4C-4076-BABE-6FC06FC82467}.Release|x64.ActiveCfg = Release|x64
		{22A2B016-1D4C-4076-BABE-6FC06FC82467}.Release|x64.Build.0 = Release|x64
		{22A2B016-1D4C-4076-BABE-6FC06FC82467}.Release-Automation|Any CPU.ActiveCfg = Release-Automation|Any CPU
		{22A2B016-1D4C-4076-BABE-6FC06FC82467}.Release-Automation|Any CPU.Build.0 = Release-Automation|Any CPU
		{22A2B016-1D4C-4076-BABE-6FC06FC82467}.Release-Automation|x64.ActiveCfg = Release-Automation|x64
		{22A2B016-1D4C-4076-BABE-6FC06FC82467}.Release-Automation|x64.Build.0 = Release-Automation|x64
		{22A2B016-1D4C-4076-BABE-6FC06FC82467}.Release-Lite|Any CPU.ActiveCfg = Release-Lite|Any CPU
		{22A2B016-1D4C-4076-BABE-6FC06FC82467}.Release-Lite|Any CPU.Build.0 = Release-Lite|Any CPU
		{22A2B016-1D4C-4076-BABE-6FC06FC82467}.Release-Lite|x64.ActiveCfg = Release-Lite|x64
		{22A2B016-1D4C-4076-BABE-6FC06FC82467}.Release-Lite|x64.Build.0 = Release-Lite|x64
		{AE47DCBE-7F60-4E61-8D6D-3C5319C7276A}.Debug|Any CPU.ActiveCfg = Debug|x64
		{AE47DCBE-7F60-4E61-8D6D-3C5319C7276A}.Debug|Any CPU.Build.0 = Debug|x64
		{AE47DCBE-7F60-4E61-8D6D-3C5319C7276A}.Debug|x64.ActiveCfg = Debug|x64
		{AE47DCBE-7F60-4E61-8D6D-3C5319C7276A}.Debug|x64.Build.0 = Debug|x64
		{AE47DCBE-7F60-4E61-8D6D-3C5319C7276A}.Release|Any CPU.ActiveCfg = Release|Any CPU
		{AE47DCBE-7F60-4E61-8D6D-3C5319C7276A}.Release|Any CPU.Build.0 = Release|Any CPU
		{AE47DCBE-7F60-4E61-8D6D-3C5319C7276A}.Release|x64.ActiveCfg = Release|x64
		{AE47DCBE-7F60-4E61-8D6D-3C5319C7276A}.Release|x64.Build.0 = Release|x64
		{AE47DCBE-7F60-4E61-8D6D-3C5319C7276A}.Release-Automation|Any CPU.ActiveCfg = Release-Automation|Any CPU
		{AE47DCBE-7F60-4E61-8D6D-3C5319C7276A}.Release-Automation|Any CPU.Build.0 = Release-Automation|Any CPU
		{AE47DCBE-7F60-4E61-8D6D-3C5319C7276A}.Release-Automation|x64.ActiveCfg = Release-Automation|x64
		{AE47DCBE-7F60-4E61-8D6D-3C5319C7276A}.Release-Automation|x64.Build.0 = Release-Automation|x64
		{AE47DCBE-7F60-4E61-8D6D-3C5319C7276A}.Release-Lite|Any CPU.ActiveCfg = Release-Lite|Any CPU
		{AE47DCBE-7F60-4E61-8D6D-3C5319C7276A}.Release-Lite|Any CPU.Build.0 = Release-Lite|Any CPU
		{AE47DCBE-7F60-4E61-8D6D-3C5319C7276A}.Release-Lite|x64.ActiveCfg = Release-Lite|x64
		{AE47DCBE-7F60-4E61-8D6D-3C5319C7276A}.Release-Lite|x64.Build.0 = Release-Lite|x64
		{46D99142-6E88-4E6E-848E-012DA068AAAA}.Debug|Any CPU.ActiveCfg = Debug|x64
		{46D99142-6E88-4E6E-848E-012DA068AAAA}.Debug|Any CPU.Build.0 = Debug|x64
		{46D99142-6E88-4E6E-848E-012DA068AAAA}.Debug|x64.ActiveCfg = Debug|x64
		{46D99142-6E88-4E6E-848E-012DA068AAAA}.Debug|x64.Build.0 = Debug|x64
		{46D99142-6E88-4E6E-848E-012DA068AAAA}.Release|Any CPU.ActiveCfg = Release|Any CPU
		{46D99142-6E88-4E6E-848E-012DA068AAAA}.Release|Any CPU.Build.0 = Release|Any CPU
		{46D99142-6E88-4E6E-848E-012DA068AAAA}.Release|x64.ActiveCfg = Release|x64
		{46D99142-6E88-4E6E-848E-012DA068AAAA}.Release|x64.Build.0 = Release|x64
		{46D99142-6E88-4E6E-848E-012DA068AAAA}.Release-Automation|Any CPU.ActiveCfg = Release-Automation|Any CPU
		{46D99142-6E88-4E6E-848E-012DA068AAAA}.Release-Automation|Any CPU.Build.0 = Release-Automation|Any CPU
		{46D99142-6E88-4E6E-848E-012DA068AAAA}.Release-Automation|x64.ActiveCfg = Release-Automation|x64
		{46D99142-6E88-4E6E-848E-012DA068AAAA}.Release-Automation|x64.Build.0 = Release-Automation|x64
		{46D99142-6E88-4E6E-848E-012DA068AAAA}.Release-Lite|Any CPU.ActiveCfg = Release-Lite|Any CPU
		{46D99142-6E88-4E6E-848E-012DA068AAAA}.Release-Lite|Any CPU.Build.0 = Release-Lite|Any CPU
		{46D99142-6E88-4E6E-848E-012DA068AAAA}.Release-Lite|x64.ActiveCfg = Release-Lite|x64
		{46D99142-6E88-4E6E-848E-012DA068AAAA}.Release-Lite|x64.Build.0 = Release-Lite|x64
		{5D295211-E805-4BDD-812A-9DF03E4F0B1B}.Debug|Any CPU.ActiveCfg = Debug|x64
		{5D295211-E805-4BDD-812A-9DF03E4F0B1B}.Debug|Any CPU.Build.0 = Debug|x64
		{5D295211-E805-4BDD-812A-9DF03E4F0B1B}.Debug|x64.ActiveCfg = Debug|x64
		{5D295211-E805-4BDD-812A-9DF03E4F0B1B}.Debug|x64.Build.0 = Debug|x64
		{5D295211-E805-4BDD-812A-9DF03E4F0B1B}.Release|Any CPU.ActiveCfg = Release|Any CPU
		{5D295211-E805-4BDD-812A-9DF03E4F0B1B}.Release|Any CPU.Build.0 = Release|Any CPU
		{5D295211-E805-4BDD-812A-9DF03E4F0B1B}.Release|x64.ActiveCfg = Release|x64
		{5D295211-E805-4BDD-812A-9DF03E4F0B1B}.Release|x64.Build.0 = Release|x64
		{5D295211-E805-4BDD-812A-9DF03E4F0B1B}.Release-Automation|Any CPU.ActiveCfg = Release-Automation|Any CPU
		{5D295211-E805-4BDD-812A-9DF03E4F0B1B}.Release-Automation|Any CPU.Build.0 = Release-Automation|Any CPU
		{5D295211-E805-4BDD-812A-9DF03E4F0B1B}.Release-Automation|x64.ActiveCfg = Release-Automation|x64
		{5D295211-E805-4BDD-812A-9DF03E4F0B1B}.Release-Automation|x64.Build.0 = Release-Automation|x64
		{5D295211-E805-4BDD-812A-9DF03E4F0B1B}.Release-Lite|Any CPU.ActiveCfg = Release-Lite|Any CPU
		{5D295211-E805-4BDD-812A-9DF03E4F0B1B}.Release-Lite|Any CPU.Build.0 = Release-Lite|Any CPU
		{5D295211-E805-4BDD-812A-9DF03E4F0B1B}.Release-Lite|x64.ActiveCfg = Release-Lite|x64
		{5D295211-E805-4BDD-812A-9DF03E4F0B1B}.Release-Lite|x64.Build.0 = Release-Lite|x64
		{1E396521-A272-41C2-B1BD-BB2796E3C8F7}.Debug|Any CPU.ActiveCfg = Debug|x64
		{1E396521-A272-41C2-B1BD-BB2796E3C8F7}.Debug|Any CPU.Build.0 = Debug|x64
		{1E396521-A272-41C2-B1BD-BB2796E3C8F7}.Debug|x64.ActiveCfg = Debug|x64
		{1E396521-A272-41C2-B1BD-BB2796E3C8F7}.Debug|x64.Build.0 = Debug|x64
		{1E396521-A272-41C2-B1BD-BB2796E3C8F7}.Release|Any CPU.ActiveCfg = Release|Any CPU
		{1E396521-A272-41C2-B1BD-BB2796E3C8F7}.Release|Any CPU.Build.0 = Release|Any CPU
		{1E396521-A272-41C2-B1BD-BB2796E3C8F7}.Release|x64.ActiveCfg = Release|x64
		{1E396521-A272-41C2-B1BD-BB2796E3C8F7}.Release|x64.Build.0 = Release|x64
		{1E396521-A272-41C2-B1BD-BB2796E3C8F7}.Release-Automation|Any CPU.ActiveCfg = Release-Automation|Any CPU
		{1E396521-A272-41C2-B1BD-BB2796E3C8F7}.Release-Automation|Any CPU.Build.0 = Release-Automation|Any CPU
		{1E396521-A272-41C2-B1BD-BB2796E3C8F7}.Release-Automation|x64.ActiveCfg = Release-Automation|x64
		{1E396521-A272-41C2-B1BD-BB2796E3C8F7}.Release-Automation|x64.Build.0 = Release-Automation|x64
		{1E396521-A272-41C2-B1BD-BB2796E3C8F7}.Release-Lite|Any CPU.ActiveCfg = Release-Lite|Any CPU
		{1E396521-A272-41C2-B1BD-BB2796E3C8F7}.Release-Lite|Any CPU.Build.0 = Release-Lite|Any CPU
		{1E396521-A272-41C2-B1BD-BB2796E3C8F7}.Release-Lite|x64.ActiveCfg = Release-Lite|x64
		{1E396521-A272-41C2-B1BD-BB2796E3C8F7}.Release-Lite|x64.Build.0 = Release-Lite|x64
		{CBACA819-E296-474F-AFE1-87E34487C7A4}.Debug|Any CPU.ActiveCfg = Debug|x64
		{CBACA819-E296-474F-AFE1-87E34487C7A4}.Debug|Any CPU.Build.0 = Debug|x64
		{CBACA819-E296-474F-AFE1-87E34487C7A4}.Debug|x64.ActiveCfg = Debug|x64
		{CBACA819-E296-474F-AFE1-87E34487C7A4}.Debug|x64.Build.0 = Debug|x64
		{CBACA819-E296-474F-AFE1-87E34487C7A4}.Release|Any CPU.ActiveCfg = Release|Any CPU
		{CBACA819-E296-474F-AFE1-87E34487C7A4}.Release|Any CPU.Build.0 = Release|Any CPU
		{CBACA819-E296-474F-AFE1-87E34487C7A4}.Release|x64.ActiveCfg = Release|x64
		{CBACA819-E296-474F-AFE1-87E34487C7A4}.Release|x64.Build.0 = Release|x64
		{CBACA819-E296-474F-AFE1-87E34487C7A4}.Release-Automation|Any CPU.ActiveCfg = Release-Automation|Any CPU
		{CBACA819-E296-474F-AFE1-87E34487C7A4}.Release-Automation|Any CPU.Build.0 = Release-Automation|Any CPU
		{CBACA819-E296-474F-AFE1-87E34487C7A4}.Release-Automation|x64.ActiveCfg = Release-Automation|x64
		{CBACA819-E296-474F-AFE1-87E34487C7A4}.Release-Automation|x64.Build.0 = Release-Automation|x64
		{CBACA819-E296-474F-AFE1-87E34487C7A4}.Release-Lite|Any CPU.ActiveCfg = Release-Lite|Any CPU
		{CBACA819-E296-474F-AFE1-87E34487C7A4}.Release-Lite|Any CPU.Build.0 = Release-Lite|Any CPU
		{CBACA819-E296-474F-AFE1-87E34487C7A4}.Release-Lite|x64.ActiveCfg = Release-Lite|x64
		{CBACA819-E296-474F-AFE1-87E34487C7A4}.Release-Lite|x64.Build.0 = Release-Lite|x64
	EndGlobalSection
	GlobalSection(SolutionProperties) = preSolution
		HideSolutionNode = FALSE
	EndGlobalSection
	GlobalSection(ExtensibilityGlobals) = postSolution
		SolutionGuid = {528649E9-F68C-4901-9036-F02465F22E8E}
	EndGlobalSection
EndGlobal
